// !$*UTF8*$!
{
	archiveVersion = 1;
	classes = {
	};
	objectVersion = 45;
	objects = {

/* Begin PBXBuildFile section */
		1D3623260D0F684500981E51 /* AppDelegate_iPad.m in Sources */ = {isa = PBXBuildFile; fileRef = 1D3623250D0F684500981E51 /* AppDelegate_iPad.m */; };
		1D60589B0D05DD56006BFB54 /* main.m in Sources */ = {isa = PBXBuildFile; fileRef = 29B97316FDCFA39411CA2CEA /* main.m */; };
		1D60589F0D05DD5A006BFB54 /* Foundation.framework in Frameworks */ = {isa = PBXBuildFile; fileRef = 1D30AB110D05D00D00671497 /* Foundation.framework */; };
		1DF5F4E00D08C38300B7A737 /* UIKit.framework in Frameworks */ = {isa = PBXBuildFile; fileRef = 1DF5F4DF0D08C38300B7A737 /* UIKit.framework */; };
		2819307D112F81BE00ECF9B4 /* teleSUR_iOS.xcdatamodeld in Sources */ = {isa = PBXBuildFile; fileRef = 2819307C112F81BE00ECF9B4 /* teleSUR_iOS.xcdatamodeld */; };
		2860E38A111B897F00E27156 /* AppDelegate_iPhone.m in Sources */ = {isa = PBXBuildFile; fileRef = 2860E388111B897F00E27156 /* AppDelegate_iPhone.m */; };
		2860E38B111B897F00E27156 /* MainWindow_iPhone.xib in Resources */ = {isa = PBXBuildFile; fileRef = 2860E389111B897F00E27156 /* MainWindow_iPhone.xib */; };
		288765FD0DF74451002DB57D /* CoreGraphics.framework in Frameworks */ = {isa = PBXBuildFile; fileRef = 288765FC0DF74451002DB57D /* CoreGraphics.framework */; };
		28AD733F0D9D9553002E5188 /* MainWindow_iPad.xib in Resources */ = {isa = PBXBuildFile; fileRef = 28AD733E0D9D9553002E5188 /* MainWindow_iPad.xib */; };
		28EEBFDD1118E19E00187D67 /* CoreData.framework in Frameworks */ = {isa = PBXBuildFile; fileRef = 28EEBFDC1118E19E00187D67 /* CoreData.framework */; };
		28EEC04B1118E28000187D67 /* AppDelegate_Shared.m in Sources */ = {isa = PBXBuildFile; fileRef = 28EEC04A1118E28000187D67 /* AppDelegate_Shared.m */; };
		63065550130766A3006381B8 /* SHKCustomFormController.m in Sources */ = {isa = PBXBuildFile; fileRef = 630654B8130766A3006381B8 /* SHKCustomFormController.m */; };
		63065551130766A3006381B8 /* SHKCustomFormFieldCell.m in Sources */ = {isa = PBXBuildFile; fileRef = 630654BA130766A3006381B8 /* SHKCustomFormFieldCell.m */; };
		63065552130766A3006381B8 /* SHKCustomShareMenu.m in Sources */ = {isa = PBXBuildFile; fileRef = 630654BD130766A3006381B8 /* SHKCustomShareMenu.m */; };
		63065553130766A3006381B8 /* SHKCustomShareMenuCell.m in Sources */ = {isa = PBXBuildFile; fileRef = 630654BF130766A3006381B8 /* SHKCustomShareMenuCell.m */; };
		63065554130766A3006381B8 /* SHKSharers.plist in Resources */ = {isa = PBXBuildFile; fileRef = 630654C1130766A3006381B8 /* SHKSharers.plist */; };
		63065555130766A3006381B8 /* SHK.m in Sources */ = {isa = PBXBuildFile; fileRef = 630654C3130766A3006381B8 /* SHK.m */; };
		63065556130766A3006381B8 /* SHKItem.m in Sources */ = {isa = PBXBuildFile; fileRef = 630654C5130766A3006381B8 /* SHKItem.m */; };
		63065557130766A3006381B8 /* SHKOfflineSharer.m in Sources */ = {isa = PBXBuildFile; fileRef = 630654C7130766A3006381B8 /* SHKOfflineSharer.m */; };
		63065558130766A3006381B8 /* SHKOAuthSharer.m in Sources */ = {isa = PBXBuildFile; fileRef = 630654CA130766A3006381B8 /* SHKOAuthSharer.m */; };
		63065559130766A3006381B8 /* SHKSharer.m in Sources */ = {isa = PBXBuildFile; fileRef = 630654CC130766A3006381B8 /* SHKSharer.m */; };
		6306555A130766A3006381B8 /* UIWebView+SHK.m in Sources */ = {isa = PBXBuildFile; fileRef = 630654CF130766A3006381B8 /* UIWebView+SHK.m */; };
		6306555B130766A3006381B8 /* SFHFKeychainUtils.m in Sources */ = {isa = PBXBuildFile; fileRef = 630654D3130766A3006381B8 /* SFHFKeychainUtils.m */; };
		6306555C130766A3006381B8 /* NSMutableURLRequest+Parameters.m in Sources */ = {isa = PBXBuildFile; fileRef = 630654D7130766A3006381B8 /* NSMutableURLRequest+Parameters.m */; };
		6306555D130766A3006381B8 /* NSString+URLEncoding.m in Sources */ = {isa = PBXBuildFile; fileRef = 630654D9130766A3006381B8 /* NSString+URLEncoding.m */; };
		6306555E130766A3006381B8 /* NSURL+Base.m in Sources */ = {isa = PBXBuildFile; fileRef = 630654DB130766A3006381B8 /* NSURL+Base.m */; };
		6306555F130766A3006381B8 /* Base64Transcoder.c in Sources */ = {isa = PBXBuildFile; fileRef = 630654DD130766A3006381B8 /* Base64Transcoder.c */; };
		63065560130766A3006381B8 /* hmac.c in Sources */ = {isa = PBXBuildFile; fileRef = 630654DF130766A3006381B8 /* hmac.c */; };
		63065561130766A3006381B8 /* sha1.c in Sources */ = {isa = PBXBuildFile; fileRef = 630654E1130766A3006381B8 /* sha1.c */; };
		63065562130766A3006381B8 /* OAAsynchronousDataFetcher.m in Sources */ = {isa = PBXBuildFile; fileRef = 630654E4130766A3006381B8 /* OAAsynchronousDataFetcher.m */; };
		63065563130766A3006381B8 /* OAConsumer.m in Sources */ = {isa = PBXBuildFile; fileRef = 630654E6130766A3006381B8 /* OAConsumer.m */; };
		63065564130766A3006381B8 /* OADataFetcher.m in Sources */ = {isa = PBXBuildFile; fileRef = 630654E8130766A3006381B8 /* OADataFetcher.m */; };
		63065565130766A3006381B8 /* OAHMAC_SHA1SignatureProvider.m in Sources */ = {isa = PBXBuildFile; fileRef = 630654EA130766A3006381B8 /* OAHMAC_SHA1SignatureProvider.m */; };
		63065566130766A3006381B8 /* OAMutableURLRequest.m in Sources */ = {isa = PBXBuildFile; fileRef = 630654EC130766A3006381B8 /* OAMutableURLRequest.m */; };
		63065567130766A3006381B8 /* OAPlaintextSignatureProvider.m in Sources */ = {isa = PBXBuildFile; fileRef = 630654EE130766A3006381B8 /* OAPlaintextSignatureProvider.m */; };
		63065568130766A3006381B8 /* OARequestParameter.m in Sources */ = {isa = PBXBuildFile; fileRef = 630654F0130766A3006381B8 /* OARequestParameter.m */; };
		63065569130766A3006381B8 /* OAServiceTicket.m in Sources */ = {isa = PBXBuildFile; fileRef = 630654F2130766A3006381B8 /* OAServiceTicket.m */; };
		6306556A130766A3006381B8 /* OAToken.m in Sources */ = {isa = PBXBuildFile; fileRef = 630654F5130766A3006381B8 /* OAToken.m */; };
		6306556B130766A3006381B8 /* SHKRequest.m in Sources */ = {isa = PBXBuildFile; fileRef = 630654F8130766A3006381B8 /* SHKRequest.m */; };
		6306556C130766A3006381B8 /* SHKCopy.m in Sources */ = {isa = PBXBuildFile; fileRef = 630654FE130766A3006381B8 /* SHKCopy.m */; };
		6306556D130766A3006381B8 /* SHKMail.m in Sources */ = {isa = PBXBuildFile; fileRef = 63065501130766A3006381B8 /* SHKMail.m */; };
		6306556E130766A3006381B8 /* SHKSafari.m in Sources */ = {isa = PBXBuildFile; fileRef = 63065504130766A3006381B8 /* SHKSafari.m */; };
		6306556F130766A3006381B8 /* SHKPhotoAlbum.m in Sources */ = {isa = PBXBuildFile; fileRef = 63065507130766A3006381B8 /* SHKPhotoAlbum.m */; };
		63065570130766A3006381B8 /* SHKDelicious.m in Sources */ = {isa = PBXBuildFile; fileRef = 6306550B130766A3006381B8 /* SHKDelicious.m */; };
		63065571130766A3006381B8 /* FBConnect.bundle in Resources */ = {isa = PBXBuildFile; fileRef = 6306550E130766A3006381B8 /* FBConnect.bundle */; };
		63065572130766A3006381B8 /* FBConnectGlobal.m in Sources */ = {isa = PBXBuildFile; fileRef = 63065511130766A3006381B8 /* FBConnectGlobal.m */; };
		63065573130766A3006381B8 /* FBDialog.m in Sources */ = {isa = PBXBuildFile; fileRef = 63065513130766A3006381B8 /* FBDialog.m */; };
		63065574130766A3006381B8 /* FBFeedDialog.m in Sources */ = {isa = PBXBuildFile; fileRef = 63065515130766A3006381B8 /* FBFeedDialog.m */; };
		63065575130766A3006381B8 /* FBLoginButton.m in Sources */ = {isa = PBXBuildFile; fileRef = 63065517130766A3006381B8 /* FBLoginButton.m */; };
		63065576130766A3006381B8 /* FBLoginDialog.m in Sources */ = {isa = PBXBuildFile; fileRef = 63065519130766A3006381B8 /* FBLoginDialog.m */; };
		63065577130766A3006381B8 /* FBPermissionDialog.m in Sources */ = {isa = PBXBuildFile; fileRef = 6306551B130766A3006381B8 /* FBPermissionDialog.m */; };
		63065578130766A3006381B8 /* FBRequest.m in Sources */ = {isa = PBXBuildFile; fileRef = 6306551D130766A3006381B8 /* FBRequest.m */; };
		63065579130766A3006381B8 /* FBSession.m in Sources */ = {isa = PBXBuildFile; fileRef = 6306551F130766A3006381B8 /* FBSession.m */; };
		6306557A130766A3006381B8 /* FBStreamDialog.m in Sources */ = {isa = PBXBuildFile; fileRef = 63065521130766A3006381B8 /* FBStreamDialog.m */; };
		6306557B130766A3006381B8 /* FBXMLHandler.m in Sources */ = {isa = PBXBuildFile; fileRef = 63065523130766A3006381B8 /* FBXMLHandler.m */; };
		6306557C130766A3006381B8 /* SHKFacebook.m in Sources */ = {isa = PBXBuildFile; fileRef = 63065525130766A3006381B8 /* SHKFacebook.m */; };
		6306557D130766A3006381B8 /* SHKFBStreamDialog.m in Sources */ = {isa = PBXBuildFile; fileRef = 63065527130766A3006381B8 /* SHKFBStreamDialog.m */; };
		6306557E130766A3006381B8 /* SHKGoogleReader.m in Sources */ = {isa = PBXBuildFile; fileRef = 6306552A130766A3006381B8 /* SHKGoogleReader.m */; };
		6306557F130766A3006381B8 /* SHKInstapaper.m in Sources */ = {isa = PBXBuildFile; fileRef = 6306552D130766A3006381B8 /* SHKInstapaper.m */; };
		63065580130766A3006381B8 /* SHKPinboard.m in Sources */ = {isa = PBXBuildFile; fileRef = 63065530130766A3006381B8 /* SHKPinboard.m */; };
		63065581130766A3006381B8 /* SHKReadItLater.m in Sources */ = {isa = PBXBuildFile; fileRef = 63065533130766A3006381B8 /* SHKReadItLater.m */; };
		63065582130766A3006381B8 /* SHKTumblr.m in Sources */ = {isa = PBXBuildFile; fileRef = 63065536130766A3006381B8 /* SHKTumblr.m */; };
		63065583130766A3006381B8 /* SHKTwitter.m in Sources */ = {isa = PBXBuildFile; fileRef = 63065539130766A3006381B8 /* SHKTwitter.m */; };
		63065584130766A3006381B8 /* SHKTwitterForm.m in Sources */ = {isa = PBXBuildFile; fileRef = 6306553B130766A3006381B8 /* SHKTwitterForm.m */; };
		63065585130766A3006381B8 /* SHKActionSheet.m in Sources */ = {isa = PBXBuildFile; fileRef = 6306553E130766A3006381B8 /* SHKActionSheet.m */; };
		63065586130766A3006381B8 /* SHKActivityIndicator.m in Sources */ = {isa = PBXBuildFile; fileRef = 63065540130766A3006381B8 /* SHKActivityIndicator.m */; };
		63065587130766A3006381B8 /* SHKFormController.m in Sources */ = {isa = PBXBuildFile; fileRef = 63065542130766A3006381B8 /* SHKFormController.m */; };
		63065588130766A3006381B8 /* SHKFormFieldCell.m in Sources */ = {isa = PBXBuildFile; fileRef = 63065544130766A3006381B8 /* SHKFormFieldCell.m */; };
		63065589130766A3006381B8 /* SHKFormFieldSettings.m in Sources */ = {isa = PBXBuildFile; fileRef = 63065546130766A3006381B8 /* SHKFormFieldSettings.m */; };
		6306558A130766A3006381B8 /* SHKShareMenu.m in Sources */ = {isa = PBXBuildFile; fileRef = 63065548130766A3006381B8 /* SHKShareMenu.m */; };
		6306558B130766A3006381B8 /* SHKOAuthView.m in Sources */ = {isa = PBXBuildFile; fileRef = 6306554A130766A3006381B8 /* SHKOAuthView.m */; };
		6306558C130766A3006381B8 /* SHKViewControllerWrapper.m in Sources */ = {isa = PBXBuildFile; fileRef = 6306554C130766A3006381B8 /* SHKViewControllerWrapper.m */; };
		6306558D130766A3006381B8 /* Reachability.m in Sources */ = {isa = PBXBuildFile; fileRef = 6306554F130766A3006381B8 /* Reachability.m */; };
		630655AB13076E65006381B8 /* SystemConfiguration.framework in Frameworks */ = {isa = PBXBuildFile; fileRef = 630655AA13076E65006381B8 /* SystemConfiguration.framework */; };
		630655AF13076E72006381B8 /* Security.framework in Frameworks */ = {isa = PBXBuildFile; fileRef = 630655AE13076E72006381B8 /* Security.framework */; };
		630655B313076E7D006381B8 /* MessageUI.framework in Frameworks */ = {isa = PBXBuildFile; fileRef = 630655B213076E7D006381B8 /* MessageUI.framework */; };
		630655E513076FAB006381B8 /* NSObject+JSON.m in Sources */ = {isa = PBXBuildFile; fileRef = 630655D413076FAB006381B8 /* NSObject+JSON.m */; };
		630655E613076FAB006381B8 /* SBJsonWriter.m in Sources */ = {isa = PBXBuildFile; fileRef = 630655D613076FAB006381B8 /* SBJsonWriter.m */; };
		630655E713076FAB006381B8 /* SBJsonStreamWriter.m in Sources */ = {isa = PBXBuildFile; fileRef = 630655D813076FAB006381B8 /* SBJsonStreamWriter.m */; };
		630655E813076FAB006381B8 /* SBJsonStreamWriterState.m in Sources */ = {isa = PBXBuildFile; fileRef = 630655DA13076FAB006381B8 /* SBJsonStreamWriterState.m */; };
		630655E913076FAB006381B8 /* SBJsonTokeniser.m in Sources */ = {isa = PBXBuildFile; fileRef = 630655DC13076FAB006381B8 /* SBJsonTokeniser.m */; };
		630655EA13076FAB006381B8 /* SBJsonParser.m in Sources */ = {isa = PBXBuildFile; fileRef = 630655DE13076FAB006381B8 /* SBJsonParser.m */; };
		630655EB13076FAB006381B8 /* SBJsonStreamParser.m in Sources */ = {isa = PBXBuildFile; fileRef = 630655E013076FAB006381B8 /* SBJsonStreamParser.m */; };
		630655EC13076FAB006381B8 /* SBJsonStreamParserState.m in Sources */ = {isa = PBXBuildFile; fileRef = 630655E213076FAB006381B8 /* SBJsonStreamParserState.m */; };
		630655ED13076FAB006381B8 /* SBJsonStreamParserAdapter.m in Sources */ = {isa = PBXBuildFile; fileRef = 630655E413076FAB006381B8 /* SBJsonStreamParserAdapter.m */; };
		63065617130777EC006381B8 /* TSMultimediaData.m in Sources */ = {isa = PBXBuildFile; fileRef = 63065616130777EC006381B8 /* TSMultimediaData.m */; };
		6306561C130779F7006381B8 /* teleSIR_iOS-Config.plist in Resources */ = {isa = PBXBuildFile; fileRef = 6306561B130779F7006381B8 /* teleSIR_iOS-Config.plist */; };
		63400A911309C9B6005D5E08 /* splash.png in Resources */ = {isa = PBXBuildFile; fileRef = 63400A901309C9B6005D5E08 /* splash.png */; };
/* End PBXBuildFile section */

/* Begin PBXFileReference section */
		1D30AB110D05D00D00671497 /* Foundation.framework */ = {isa = PBXFileReference; lastKnownFileType = wrapper.framework; name = Foundation.framework; path = System/Library/Frameworks/Foundation.framework; sourceTree = SDKROOT; };
		1D3623240D0F684500981E51 /* AppDelegate_iPad.h */ = {isa = PBXFileReference; fileEncoding = 4; lastKnownFileType = sourcecode.c.h; name = AppDelegate_iPad.h; path = iPad/AppDelegate_iPad.h; sourceTree = "<group>"; };
		1D3623250D0F684500981E51 /* AppDelegate_iPad.m */ = {isa = PBXFileReference; fileEncoding = 4; lastKnownFileType = sourcecode.c.objc; name = AppDelegate_iPad.m; path = iPad/AppDelegate_iPad.m; sourceTree = "<group>"; };
		1D6058910D05DD3D006BFB54 /* teleSUR-iOS.app */ = {isa = PBXFileReference; explicitFileType = wrapper.application; includeInIndex = 0; path = "teleSUR-iOS.app"; sourceTree = BUILT_PRODUCTS_DIR; };
		1DF5F4DF0D08C38300B7A737 /* UIKit.framework */ = {isa = PBXFileReference; lastKnownFileType = wrapper.framework; name = UIKit.framework; path = System/Library/Frameworks/UIKit.framework; sourceTree = SDKROOT; };
		2860E387111B897F00E27156 /* AppDelegate_iPhone.h */ = {isa = PBXFileReference; fileEncoding = 4; lastKnownFileType = sourcecode.c.h; path = AppDelegate_iPhone.h; sourceTree = "<group>"; };
		2860E388111B897F00E27156 /* AppDelegate_iPhone.m */ = {isa = PBXFileReference; fileEncoding = 4; lastKnownFileType = sourcecode.c.objc; path = AppDelegate_iPhone.m; sourceTree = "<group>"; };
		2860E389111B897F00E27156 /* MainWindow_iPhone.xib */ = {isa = PBXFileReference; lastKnownFileType = file.xib; path = MainWindow_iPhone.xib; sourceTree = "<group>"; };
		2870939E111907710040F596 /* teleSUR_iOS.xcdatamodel */ = {isa = PBXFileReference; fileEncoding = 4; lastKnownFileType = wrapper.xcdatamodel; path = teleSUR_iOS.xcdatamodel; sourceTree = "<group>"; };
		288765FC0DF74451002DB57D /* CoreGraphics.framework */ = {isa = PBXFileReference; lastKnownFileType = wrapper.framework; name = CoreGraphics.framework; path = System/Library/Frameworks/CoreGraphics.framework; sourceTree = SDKROOT; };
		28AD733E0D9D9553002E5188 /* MainWindow_iPad.xib */ = {isa = PBXFileReference; lastKnownFileType = file.xib; name = MainWindow_iPad.xib; path = iPad/MainWindow_iPad.xib; sourceTree = "<group>"; };
		28EEBFDC1118E19E00187D67 /* CoreData.framework */ = {isa = PBXFileReference; lastKnownFileType = wrapper.framework; name = CoreData.framework; path = System/Library/Frameworks/CoreData.framework; sourceTree = SDKROOT; };
		28EEC0491118E28000187D67 /* AppDelegate_Shared.h */ = {isa = PBXFileReference; fileEncoding = 4; lastKnownFileType = sourcecode.c.h; name = AppDelegate_Shared.h; path = Shared/AppDelegate_Shared.h; sourceTree = "<group>"; };
		28EEC04A1118E28000187D67 /* AppDelegate_Shared.m */ = {isa = PBXFileReference; fileEncoding = 4; lastKnownFileType = sourcecode.c.objc; name = AppDelegate_Shared.m; path = Shared/AppDelegate_Shared.m; sourceTree = "<group>"; };
		29B97316FDCFA39411CA2CEA /* main.m */ = {isa = PBXFileReference; fileEncoding = 4; lastKnownFileType = sourcecode.c.objc; name = main.m; path = Shared/main.m; sourceTree = "<group>"; };
		32CA4F630368D1EE00C91783 /* teleSUR_iOS_Prefix.pch */ = {isa = PBXFileReference; fileEncoding = 4; lastKnownFileType = sourcecode.c.h; path = teleSUR_iOS_Prefix.pch; sourceTree = "<group>"; };
		630654B4130766A3006381B8 /* SHKConfig.h */ = {isa = PBXFileReference; fileEncoding = 4; lastKnownFileType = sourcecode.c.h; path = SHKConfig.h; sourceTree = "<group>"; };
		630654B7130766A3006381B8 /* SHKCustomFormController.h */ = {isa = PBXFileReference; fileEncoding = 4; lastKnownFileType = sourcecode.c.h; path = SHKCustomFormController.h; sourceTree = "<group>"; };
		630654B8130766A3006381B8 /* SHKCustomFormController.m */ = {isa = PBXFileReference; fileEncoding = 4; lastKnownFileType = sourcecode.c.objc; path = SHKCustomFormController.m; sourceTree = "<group>"; };
		630654B9130766A3006381B8 /* SHKCustomFormFieldCell.h */ = {isa = PBXFileReference; fileEncoding = 4; lastKnownFileType = sourcecode.c.h; path = SHKCustomFormFieldCell.h; sourceTree = "<group>"; };
		630654BA130766A3006381B8 /* SHKCustomFormFieldCell.m */ = {isa = PBXFileReference; fileEncoding = 4; lastKnownFileType = sourcecode.c.objc; path = SHKCustomFormFieldCell.m; sourceTree = "<group>"; };
		630654BC130766A3006381B8 /* SHKCustomShareMenu.h */ = {isa = PBXFileReference; fileEncoding = 4; lastKnownFileType = sourcecode.c.h; path = SHKCustomShareMenu.h; sourceTree = "<group>"; };
		630654BD130766A3006381B8 /* SHKCustomShareMenu.m */ = {isa = PBXFileReference; fileEncoding = 4; lastKnownFileType = sourcecode.c.objc; path = SHKCustomShareMenu.m; sourceTree = "<group>"; };
		630654BE130766A3006381B8 /* SHKCustomShareMenuCell.h */ = {isa = PBXFileReference; fileEncoding = 4; lastKnownFileType = sourcecode.c.h; path = SHKCustomShareMenuCell.h; sourceTree = "<group>"; };
		630654BF130766A3006381B8 /* SHKCustomShareMenuCell.m */ = {isa = PBXFileReference; fileEncoding = 4; lastKnownFileType = sourcecode.c.objc; path = SHKCustomShareMenuCell.m; sourceTree = "<group>"; };
		630654C1130766A3006381B8 /* SHKSharers.plist */ = {isa = PBXFileReference; fileEncoding = 4; lastKnownFileType = text.plist.xml; path = SHKSharers.plist; sourceTree = "<group>"; };
		630654C2130766A3006381B8 /* SHK.h */ = {isa = PBXFileReference; fileEncoding = 4; lastKnownFileType = sourcecode.c.h; path = SHK.h; sourceTree = "<group>"; };
		630654C3130766A3006381B8 /* SHK.m */ = {isa = PBXFileReference; fileEncoding = 4; lastKnownFileType = sourcecode.c.objc; path = SHK.m; sourceTree = "<group>"; };
		630654C4130766A3006381B8 /* SHKItem.h */ = {isa = PBXFileReference; fileEncoding = 4; lastKnownFileType = sourcecode.c.h; path = SHKItem.h; sourceTree = "<group>"; };
		630654C5130766A3006381B8 /* SHKItem.m */ = {isa = PBXFileReference; fileEncoding = 4; lastKnownFileType = sourcecode.c.objc; path = SHKItem.m; sourceTree = "<group>"; };
		630654C6130766A3006381B8 /* SHKOfflineSharer.h */ = {isa = PBXFileReference; fileEncoding = 4; lastKnownFileType = sourcecode.c.h; path = SHKOfflineSharer.h; sourceTree = "<group>"; };
		630654C7130766A3006381B8 /* SHKOfflineSharer.m */ = {isa = PBXFileReference; fileEncoding = 4; lastKnownFileType = sourcecode.c.objc; path = SHKOfflineSharer.m; sourceTree = "<group>"; };
		630654C9130766A3006381B8 /* SHKOAuthSharer.h */ = {isa = PBXFileReference; fileEncoding = 4; lastKnownFileType = sourcecode.c.h; path = SHKOAuthSharer.h; sourceTree = "<group>"; };
		630654CA130766A3006381B8 /* SHKOAuthSharer.m */ = {isa = PBXFileReference; fileEncoding = 4; lastKnownFileType = sourcecode.c.objc; path = SHKOAuthSharer.m; sourceTree = "<group>"; };
		630654CB130766A3006381B8 /* SHKSharer.h */ = {isa = PBXFileReference; fileEncoding = 4; lastKnownFileType = sourcecode.c.h; path = SHKSharer.h; sourceTree = "<group>"; };
		630654CC130766A3006381B8 /* SHKSharer.m */ = {isa = PBXFileReference; fileEncoding = 4; lastKnownFileType = sourcecode.c.objc; path = SHKSharer.m; sourceTree = "<group>"; };
		630654CE130766A3006381B8 /* UIWebView+SHK.h */ = {isa = PBXFileReference; fileEncoding = 4; lastKnownFileType = sourcecode.c.h; path = "UIWebView+SHK.h"; sourceTree = "<group>"; };
		630654CF130766A3006381B8 /* UIWebView+SHK.m */ = {isa = PBXFileReference; fileEncoding = 4; lastKnownFileType = sourcecode.c.objc; path = "UIWebView+SHK.m"; sourceTree = "<group>"; };
		630654D2130766A3006381B8 /* SFHFKeychainUtils.h */ = {isa = PBXFileReference; fileEncoding = 4; lastKnownFileType = sourcecode.c.h; path = SFHFKeychainUtils.h; sourceTree = "<group>"; };
		630654D3130766A3006381B8 /* SFHFKeychainUtils.m */ = {isa = PBXFileReference; fileEncoding = 4; lastKnownFileType = sourcecode.c.objc; path = SFHFKeychainUtils.m; sourceTree = "<group>"; };
		630654D6130766A3006381B8 /* NSMutableURLRequest+Parameters.h */ = {isa = PBXFileReference; fileEncoding = 4; lastKnownFileType = sourcecode.c.h; path = "NSMutableURLRequest+Parameters.h"; sourceTree = "<group>"; };
		630654D7130766A3006381B8 /* NSMutableURLRequest+Parameters.m */ = {isa = PBXFileReference; fileEncoding = 4; lastKnownFileType = sourcecode.c.objc; path = "NSMutableURLRequest+Parameters.m"; sourceTree = "<group>"; };
		630654D8130766A3006381B8 /* NSString+URLEncoding.h */ = {isa = PBXFileReference; fileEncoding = 4; lastKnownFileType = sourcecode.c.h; path = "NSString+URLEncoding.h"; sourceTree = "<group>"; };
		630654D9130766A3006381B8 /* NSString+URLEncoding.m */ = {isa = PBXFileReference; fileEncoding = 4; lastKnownFileType = sourcecode.c.objc; path = "NSString+URLEncoding.m"; sourceTree = "<group>"; };
		630654DA130766A3006381B8 /* NSURL+Base.h */ = {isa = PBXFileReference; fileEncoding = 4; lastKnownFileType = sourcecode.c.h; path = "NSURL+Base.h"; sourceTree = "<group>"; };
		630654DB130766A3006381B8 /* NSURL+Base.m */ = {isa = PBXFileReference; fileEncoding = 4; lastKnownFileType = sourcecode.c.objc; path = "NSURL+Base.m"; sourceTree = "<group>"; };
		630654DD130766A3006381B8 /* Base64Transcoder.c */ = {isa = PBXFileReference; fileEncoding = 4; lastKnownFileType = sourcecode.c.c; path = Base64Transcoder.c; sourceTree = "<group>"; };
		630654DE130766A3006381B8 /* Base64Transcoder.h */ = {isa = PBXFileReference; fileEncoding = 4; lastKnownFileType = sourcecode.c.h; path = Base64Transcoder.h; sourceTree = "<group>"; };
		630654DF130766A3006381B8 /* hmac.c */ = {isa = PBXFileReference; fileEncoding = 4; lastKnownFileType = sourcecode.c.c; path = hmac.c; sourceTree = "<group>"; };
		630654E0130766A3006381B8 /* hmac.h */ = {isa = PBXFileReference; fileEncoding = 4; lastKnownFileType = sourcecode.c.h; path = hmac.h; sourceTree = "<group>"; };
		630654E1130766A3006381B8 /* sha1.c */ = {isa = PBXFileReference; fileEncoding = 4; lastKnownFileType = sourcecode.c.c; path = sha1.c; sourceTree = "<group>"; };
		630654E2130766A3006381B8 /* sha1.h */ = {isa = PBXFileReference; fileEncoding = 4; lastKnownFileType = sourcecode.c.h; path = sha1.h; sourceTree = "<group>"; };
		630654E3130766A3006381B8 /* OAAsynchronousDataFetcher.h */ = {isa = PBXFileReference; fileEncoding = 4; lastKnownFileType = sourcecode.c.h; path = OAAsynchronousDataFetcher.h; sourceTree = "<group>"; };
		630654E4130766A3006381B8 /* OAAsynchronousDataFetcher.m */ = {isa = PBXFileReference; fileEncoding = 4; lastKnownFileType = sourcecode.c.objc; path = OAAsynchronousDataFetcher.m; sourceTree = "<group>"; };
		630654E5130766A3006381B8 /* OAConsumer.h */ = {isa = PBXFileReference; fileEncoding = 4; lastKnownFileType = sourcecode.c.h; path = OAConsumer.h; sourceTree = "<group>"; };
		630654E6130766A3006381B8 /* OAConsumer.m */ = {isa = PBXFileReference; fileEncoding = 4; lastKnownFileType = sourcecode.c.objc; path = OAConsumer.m; sourceTree = "<group>"; };
		630654E7130766A3006381B8 /* OADataFetcher.h */ = {isa = PBXFileReference; fileEncoding = 4; lastKnownFileType = sourcecode.c.h; path = OADataFetcher.h; sourceTree = "<group>"; };
		630654E8130766A3006381B8 /* OADataFetcher.m */ = {isa = PBXFileReference; fileEncoding = 4; lastKnownFileType = sourcecode.c.objc; path = OADataFetcher.m; sourceTree = "<group>"; };
		630654E9130766A3006381B8 /* OAHMAC_SHA1SignatureProvider.h */ = {isa = PBXFileReference; fileEncoding = 4; lastKnownFileType = sourcecode.c.h; path = OAHMAC_SHA1SignatureProvider.h; sourceTree = "<group>"; };
		630654EA130766A3006381B8 /* OAHMAC_SHA1SignatureProvider.m */ = {isa = PBXFileReference; fileEncoding = 4; lastKnownFileType = sourcecode.c.objc; path = OAHMAC_SHA1SignatureProvider.m; sourceTree = "<group>"; };
		630654EB130766A3006381B8 /* OAMutableURLRequest.h */ = {isa = PBXFileReference; fileEncoding = 4; lastKnownFileType = sourcecode.c.h; path = OAMutableURLRequest.h; sourceTree = "<group>"; };
		630654EC130766A3006381B8 /* OAMutableURLRequest.m */ = {isa = PBXFileReference; fileEncoding = 4; lastKnownFileType = sourcecode.c.objc; path = OAMutableURLRequest.m; sourceTree = "<group>"; };
		630654ED130766A3006381B8 /* OAPlaintextSignatureProvider.h */ = {isa = PBXFileReference; fileEncoding = 4; lastKnownFileType = sourcecode.c.h; path = OAPlaintextSignatureProvider.h; sourceTree = "<group>"; };
		630654EE130766A3006381B8 /* OAPlaintextSignatureProvider.m */ = {isa = PBXFileReference; fileEncoding = 4; lastKnownFileType = sourcecode.c.objc; path = OAPlaintextSignatureProvider.m; sourceTree = "<group>"; };
		630654EF130766A3006381B8 /* OARequestParameter.h */ = {isa = PBXFileReference; fileEncoding = 4; lastKnownFileType = sourcecode.c.h; path = OARequestParameter.h; sourceTree = "<group>"; };
		630654F0130766A3006381B8 /* OARequestParameter.m */ = {isa = PBXFileReference; fileEncoding = 4; lastKnownFileType = sourcecode.c.objc; path = OARequestParameter.m; sourceTree = "<group>"; };
		630654F1130766A3006381B8 /* OAServiceTicket.h */ = {isa = PBXFileReference; fileEncoding = 4; lastKnownFileType = sourcecode.c.h; path = OAServiceTicket.h; sourceTree = "<group>"; };
		630654F2130766A3006381B8 /* OAServiceTicket.m */ = {isa = PBXFileReference; fileEncoding = 4; lastKnownFileType = sourcecode.c.objc; path = OAServiceTicket.m; sourceTree = "<group>"; };
		630654F3130766A3006381B8 /* OASignatureProviding.h */ = {isa = PBXFileReference; fileEncoding = 4; lastKnownFileType = sourcecode.c.h; path = OASignatureProviding.h; sourceTree = "<group>"; };
		630654F4130766A3006381B8 /* OAToken.h */ = {isa = PBXFileReference; fileEncoding = 4; lastKnownFileType = sourcecode.c.h; path = OAToken.h; sourceTree = "<group>"; };
		630654F5130766A3006381B8 /* OAToken.m */ = {isa = PBXFileReference; fileEncoding = 4; lastKnownFileType = sourcecode.c.objc; path = OAToken.m; sourceTree = "<group>"; };
		630654F6130766A3006381B8 /* OAuthConsumer.h */ = {isa = PBXFileReference; fileEncoding = 4; lastKnownFileType = sourcecode.c.h; path = OAuthConsumer.h; sourceTree = "<group>"; };
		630654F7130766A3006381B8 /* SHKRequest.h */ = {isa = PBXFileReference; fileEncoding = 4; lastKnownFileType = sourcecode.c.h; path = SHKRequest.h; sourceTree = "<group>"; };
		630654F8130766A3006381B8 /* SHKRequest.m */ = {isa = PBXFileReference; fileEncoding = 4; lastKnownFileType = sourcecode.c.objc; path = SHKRequest.m; sourceTree = "<group>"; };
		630654FD130766A3006381B8 /* SHKCopy.h */ = {isa = PBXFileReference; fileEncoding = 4; lastKnownFileType = sourcecode.c.h; path = SHKCopy.h; sourceTree = "<group>"; };
		630654FE130766A3006381B8 /* SHKCopy.m */ = {isa = PBXFileReference; fileEncoding = 4; lastKnownFileType = sourcecode.c.objc; path = SHKCopy.m; sourceTree = "<group>"; };
		63065500130766A3006381B8 /* SHKMail.h */ = {isa = PBXFileReference; fileEncoding = 4; lastKnownFileType = sourcecode.c.h; path = SHKMail.h; sourceTree = "<group>"; };
		63065501130766A3006381B8 /* SHKMail.m */ = {isa = PBXFileReference; fileEncoding = 4; lastKnownFileType = sourcecode.c.objc; path = SHKMail.m; sourceTree = "<group>"; };
		63065503130766A3006381B8 /* SHKSafari.h */ = {isa = PBXFileReference; fileEncoding = 4; lastKnownFileType = sourcecode.c.h; path = SHKSafari.h; sourceTree = "<group>"; };
		63065504130766A3006381B8 /* SHKSafari.m */ = {isa = PBXFileReference; fileEncoding = 4; lastKnownFileType = sourcecode.c.objc; path = SHKSafari.m; sourceTree = "<group>"; };
		63065506130766A3006381B8 /* SHKPhotoAlbum.h */ = {isa = PBXFileReference; fileEncoding = 4; lastKnownFileType = sourcecode.c.h; path = SHKPhotoAlbum.h; sourceTree = "<group>"; };
		63065507130766A3006381B8 /* SHKPhotoAlbum.m */ = {isa = PBXFileReference; fileEncoding = 4; lastKnownFileType = sourcecode.c.objc; path = SHKPhotoAlbum.m; sourceTree = "<group>"; };
		6306550A130766A3006381B8 /* SHKDelicious.h */ = {isa = PBXFileReference; fileEncoding = 4; lastKnownFileType = sourcecode.c.h; path = SHKDelicious.h; sourceTree = "<group>"; };
		6306550B130766A3006381B8 /* SHKDelicious.m */ = {isa = PBXFileReference; fileEncoding = 4; lastKnownFileType = sourcecode.c.objc; path = SHKDelicious.m; sourceTree = "<group>"; };
		6306550E130766A3006381B8 /* FBConnect.bundle */ = {isa = PBXFileReference; lastKnownFileType = "wrapper.plug-in"; path = FBConnect.bundle; sourceTree = "<group>"; };
		6306550F130766A3006381B8 /* FBConnect.h */ = {isa = PBXFileReference; fileEncoding = 4; lastKnownFileType = sourcecode.c.h; path = FBConnect.h; sourceTree = "<group>"; };
		63065510130766A3006381B8 /* FBConnectGlobal.h */ = {isa = PBXFileReference; fileEncoding = 4; lastKnownFileType = sourcecode.c.h; path = FBConnectGlobal.h; sourceTree = "<group>"; };
		63065511130766A3006381B8 /* FBConnectGlobal.m */ = {isa = PBXFileReference; fileEncoding = 4; lastKnownFileType = sourcecode.c.objc; path = FBConnectGlobal.m; sourceTree = "<group>"; };
		63065512130766A3006381B8 /* FBDialog.h */ = {isa = PBXFileReference; fileEncoding = 4; lastKnownFileType = sourcecode.c.h; path = FBDialog.h; sourceTree = "<group>"; };
		63065513130766A3006381B8 /* FBDialog.m */ = {isa = PBXFileReference; fileEncoding = 4; lastKnownFileType = sourcecode.c.objc; path = FBDialog.m; sourceTree = "<group>"; };
		63065514130766A3006381B8 /* FBFeedDialog.h */ = {isa = PBXFileReference; fileEncoding = 4; lastKnownFileType = sourcecode.c.h; path = FBFeedDialog.h; sourceTree = "<group>"; };
		63065515130766A3006381B8 /* FBFeedDialog.m */ = {isa = PBXFileReference; fileEncoding = 4; lastKnownFileType = sourcecode.c.objc; path = FBFeedDialog.m; sourceTree = "<group>"; };
		63065516130766A3006381B8 /* FBLoginButton.h */ = {isa = PBXFileReference; fileEncoding = 4; lastKnownFileType = sourcecode.c.h; path = FBLoginButton.h; sourceTree = "<group>"; };
		63065517130766A3006381B8 /* FBLoginButton.m */ = {isa = PBXFileReference; fileEncoding = 4; lastKnownFileType = sourcecode.c.objc; path = FBLoginButton.m; sourceTree = "<group>"; };
		63065518130766A3006381B8 /* FBLoginDialog.h */ = {isa = PBXFileReference; fileEncoding = 4; lastKnownFileType = sourcecode.c.h; path = FBLoginDialog.h; sourceTree = "<group>"; };
		63065519130766A3006381B8 /* FBLoginDialog.m */ = {isa = PBXFileReference; fileEncoding = 4; lastKnownFileType = sourcecode.c.objc; path = FBLoginDialog.m; sourceTree = "<group>"; };
		6306551A130766A3006381B8 /* FBPermissionDialog.h */ = {isa = PBXFileReference; fileEncoding = 4; lastKnownFileType = sourcecode.c.h; path = FBPermissionDialog.h; sourceTree = "<group>"; };
		6306551B130766A3006381B8 /* FBPermissionDialog.m */ = {isa = PBXFileReference; fileEncoding = 4; lastKnownFileType = sourcecode.c.objc; path = FBPermissionDialog.m; sourceTree = "<group>"; };
		6306551C130766A3006381B8 /* FBRequest.h */ = {isa = PBXFileReference; fileEncoding = 4; lastKnownFileType = sourcecode.c.h; path = FBRequest.h; sourceTree = "<group>"; };
		6306551D130766A3006381B8 /* FBRequest.m */ = {isa = PBXFileReference; fileEncoding = 4; lastKnownFileType = sourcecode.c.objc; path = FBRequest.m; sourceTree = "<group>"; };
		6306551E130766A3006381B8 /* FBSession.h */ = {isa = PBXFileReference; fileEncoding = 4; lastKnownFileType = sourcecode.c.h; path = FBSession.h; sourceTree = "<group>"; };
		6306551F130766A3006381B8 /* FBSession.m */ = {isa = PBXFileReference; fileEncoding = 4; lastKnownFileType = sourcecode.c.objc; path = FBSession.m; sourceTree = "<group>"; };
		63065520130766A3006381B8 /* FBStreamDialog.h */ = {isa = PBXFileReference; fileEncoding = 4; lastKnownFileType = sourcecode.c.h; path = FBStreamDialog.h; sourceTree = "<group>"; };
		63065521130766A3006381B8 /* FBStreamDialog.m */ = {isa = PBXFileReference; fileEncoding = 4; lastKnownFileType = sourcecode.c.objc; path = FBStreamDialog.m; sourceTree = "<group>"; };
		63065522130766A3006381B8 /* FBXMLHandler.h */ = {isa = PBXFileReference; fileEncoding = 4; lastKnownFileType = sourcecode.c.h; path = FBXMLHandler.h; sourceTree = "<group>"; };
		63065523130766A3006381B8 /* FBXMLHandler.m */ = {isa = PBXFileReference; fileEncoding = 4; lastKnownFileType = sourcecode.c.objc; path = FBXMLHandler.m; sourceTree = "<group>"; };
		63065524130766A3006381B8 /* SHKFacebook.h */ = {isa = PBXFileReference; fileEncoding = 4; lastKnownFileType = sourcecode.c.h; path = SHKFacebook.h; sourceTree = "<group>"; };
		63065525130766A3006381B8 /* SHKFacebook.m */ = {isa = PBXFileReference; fileEncoding = 4; lastKnownFileType = sourcecode.c.objc; path = SHKFacebook.m; sourceTree = "<group>"; };
		63065526130766A3006381B8 /* SHKFBStreamDialog.h */ = {isa = PBXFileReference; fileEncoding = 4; lastKnownFileType = sourcecode.c.h; path = SHKFBStreamDialog.h; sourceTree = "<group>"; };
		63065527130766A3006381B8 /* SHKFBStreamDialog.m */ = {isa = PBXFileReference; fileEncoding = 4; lastKnownFileType = sourcecode.c.objc; path = SHKFBStreamDialog.m; sourceTree = "<group>"; };
		63065529130766A3006381B8 /* SHKGoogleReader.h */ = {isa = PBXFileReference; fileEncoding = 4; lastKnownFileType = sourcecode.c.h; path = SHKGoogleReader.h; sourceTree = "<group>"; };
		6306552A130766A3006381B8 /* SHKGoogleReader.m */ = {isa = PBXFileReference; fileEncoding = 4; lastKnownFileType = sourcecode.c.objc; path = SHKGoogleReader.m; sourceTree = "<group>"; };
		6306552C130766A3006381B8 /* SHKInstapaper.h */ = {isa = PBXFileReference; fileEncoding = 4; lastKnownFileType = sourcecode.c.h; path = SHKInstapaper.h; sourceTree = "<group>"; };
		6306552D130766A3006381B8 /* SHKInstapaper.m */ = {isa = PBXFileReference; fileEncoding = 4; lastKnownFileType = sourcecode.c.objc; path = SHKInstapaper.m; sourceTree = "<group>"; };
		6306552F130766A3006381B8 /* SHKPinboard.h */ = {isa = PBXFileReference; fileEncoding = 4; lastKnownFileType = sourcecode.c.h; path = SHKPinboard.h; sourceTree = "<group>"; };
		63065530130766A3006381B8 /* SHKPinboard.m */ = {isa = PBXFileReference; fileEncoding = 4; lastKnownFileType = sourcecode.c.objc; path = SHKPinboard.m; sourceTree = "<group>"; };
		63065532130766A3006381B8 /* SHKReadItLater.h */ = {isa = PBXFileReference; fileEncoding = 4; lastKnownFileType = sourcecode.c.h; path = SHKReadItLater.h; sourceTree = "<group>"; };
		63065533130766A3006381B8 /* SHKReadItLater.m */ = {isa = PBXFileReference; fileEncoding = 4; lastKnownFileType = sourcecode.c.objc; path = SHKReadItLater.m; sourceTree = "<group>"; };
		63065535130766A3006381B8 /* SHKTumblr.h */ = {isa = PBXFileReference; fileEncoding = 4; lastKnownFileType = sourcecode.c.h; path = SHKTumblr.h; sourceTree = "<group>"; };
		63065536130766A3006381B8 /* SHKTumblr.m */ = {isa = PBXFileReference; fileEncoding = 4; lastKnownFileType = sourcecode.c.objc; path = SHKTumblr.m; sourceTree = "<group>"; };
		63065538130766A3006381B8 /* SHKTwitter.h */ = {isa = PBXFileReference; fileEncoding = 4; lastKnownFileType = sourcecode.c.h; path = SHKTwitter.h; sourceTree = "<group>"; };
		63065539130766A3006381B8 /* SHKTwitter.m */ = {isa = PBXFileReference; fileEncoding = 4; lastKnownFileType = sourcecode.c.objc; path = SHKTwitter.m; sourceTree = "<group>"; };
		6306553A130766A3006381B8 /* SHKTwitterForm.h */ = {isa = PBXFileReference; fileEncoding = 4; lastKnownFileType = sourcecode.c.h; path = SHKTwitterForm.h; sourceTree = "<group>"; };
		6306553B130766A3006381B8 /* SHKTwitterForm.m */ = {isa = PBXFileReference; fileEncoding = 4; lastKnownFileType = sourcecode.c.objc; path = SHKTwitterForm.m; sourceTree = "<group>"; };
		6306553D130766A3006381B8 /* SHKActionSheet.h */ = {isa = PBXFileReference; fileEncoding = 4; lastKnownFileType = sourcecode.c.h; path = SHKActionSheet.h; sourceTree = "<group>"; };
		6306553E130766A3006381B8 /* SHKActionSheet.m */ = {isa = PBXFileReference; fileEncoding = 4; lastKnownFileType = sourcecode.c.objc; path = SHKActionSheet.m; sourceTree = "<group>"; };
		6306553F130766A3006381B8 /* SHKActivityIndicator.h */ = {isa = PBXFileReference; fileEncoding = 4; lastKnownFileType = sourcecode.c.h; path = SHKActivityIndicator.h; sourceTree = "<group>"; };
		63065540130766A3006381B8 /* SHKActivityIndicator.m */ = {isa = PBXFileReference; fileEncoding = 4; lastKnownFileType = sourcecode.c.objc; path = SHKActivityIndicator.m; sourceTree = "<group>"; };
		63065541130766A3006381B8 /* SHKFormController.h */ = {isa = PBXFileReference; fileEncoding = 4; lastKnownFileType = sourcecode.c.h; path = SHKFormController.h; sourceTree = "<group>"; };
		63065542130766A3006381B8 /* SHKFormController.m */ = {isa = PBXFileReference; fileEncoding = 4; lastKnownFileType = sourcecode.c.objc; path = SHKFormController.m; sourceTree = "<group>"; };
		63065543130766A3006381B8 /* SHKFormFieldCell.h */ = {isa = PBXFileReference; fileEncoding = 4; lastKnownFileType = sourcecode.c.h; path = SHKFormFieldCell.h; sourceTree = "<group>"; };
		63065544130766A3006381B8 /* SHKFormFieldCell.m */ = {isa = PBXFileReference; fileEncoding = 4; lastKnownFileType = sourcecode.c.objc; path = SHKFormFieldCell.m; sourceTree = "<group>"; };
		63065545130766A3006381B8 /* SHKFormFieldSettings.h */ = {isa = PBXFileReference; fileEncoding = 4; lastKnownFileType = sourcecode.c.h; path = SHKFormFieldSettings.h; sourceTree = "<group>"; };
		63065546130766A3006381B8 /* SHKFormFieldSettings.m */ = {isa = PBXFileReference; fileEncoding = 4; lastKnownFileType = sourcecode.c.objc; path = SHKFormFieldSettings.m; sourceTree = "<group>"; };
		63065547130766A3006381B8 /* SHKShareMenu.h */ = {isa = PBXFileReference; fileEncoding = 4; lastKnownFileType = sourcecode.c.h; path = SHKShareMenu.h; sourceTree = "<group>"; };
		63065548130766A3006381B8 /* SHKShareMenu.m */ = {isa = PBXFileReference; fileEncoding = 4; lastKnownFileType = sourcecode.c.objc; path = SHKShareMenu.m; sourceTree = "<group>"; };
		63065549130766A3006381B8 /* SHKOAuthView.h */ = {isa = PBXFileReference; fileEncoding = 4; lastKnownFileType = sourcecode.c.h; path = SHKOAuthView.h; sourceTree = "<group>"; };
		6306554A130766A3006381B8 /* SHKOAuthView.m */ = {isa = PBXFileReference; fileEncoding = 4; lastKnownFileType = sourcecode.c.objc; path = SHKOAuthView.m; sourceTree = "<group>"; };
		6306554B130766A3006381B8 /* SHKViewControllerWrapper.h */ = {isa = PBXFileReference; fileEncoding = 4; lastKnownFileType = sourcecode.c.h; path = SHKViewControllerWrapper.h; sourceTree = "<group>"; };
		6306554C130766A3006381B8 /* SHKViewControllerWrapper.m */ = {isa = PBXFileReference; fileEncoding = 4; lastKnownFileType = sourcecode.c.objc; path = SHKViewControllerWrapper.m; sourceTree = "<group>"; };
		6306554E130766A3006381B8 /* Reachability.h */ = {isa = PBXFileReference; fileEncoding = 4; lastKnownFileType = sourcecode.c.h; path = Reachability.h; sourceTree = "<group>"; };
		6306554F130766A3006381B8 /* Reachability.m */ = {isa = PBXFileReference; fileEncoding = 4; lastKnownFileType = sourcecode.c.objc; path = Reachability.m; sourceTree = "<group>"; };
		630655AA13076E65006381B8 /* SystemConfiguration.framework */ = {isa = PBXFileReference; lastKnownFileType = wrapper.framework; name = SystemConfiguration.framework; path = System/Library/Frameworks/SystemConfiguration.framework; sourceTree = SDKROOT; };
		630655AE13076E72006381B8 /* Security.framework */ = {isa = PBXFileReference; lastKnownFileType = wrapper.framework; name = Security.framework; path = System/Library/Frameworks/Security.framework; sourceTree = SDKROOT; };
		630655B213076E7D006381B8 /* MessageUI.framework */ = {isa = PBXFileReference; lastKnownFileType = wrapper.framework; name = MessageUI.framework; path = System/Library/Frameworks/MessageUI.framework; sourceTree = SDKROOT; };
		630655D213076FAB006381B8 /* JSON.h */ = {isa = PBXFileReference; fileEncoding = 4; lastKnownFileType = sourcecode.c.h; path = JSON.h; sourceTree = "<group>"; };
		630655D313076FAB006381B8 /* NSObject+JSON.h */ = {isa = PBXFileReference; fileEncoding = 4; lastKnownFileType = sourcecode.c.h; path = "NSObject+JSON.h"; sourceTree = "<group>"; };
		630655D413076FAB006381B8 /* NSObject+JSON.m */ = {isa = PBXFileReference; fileEncoding = 4; lastKnownFileType = sourcecode.c.objc; path = "NSObject+JSON.m"; sourceTree = "<group>"; };
		630655D513076FAB006381B8 /* SBJsonWriter.h */ = {isa = PBXFileReference; fileEncoding = 4; lastKnownFileType = sourcecode.c.h; path = SBJsonWriter.h; sourceTree = "<group>"; };
		630655D613076FAB006381B8 /* SBJsonWriter.m */ = {isa = PBXFileReference; fileEncoding = 4; lastKnownFileType = sourcecode.c.objc; path = SBJsonWriter.m; sourceTree = "<group>"; };
		630655D713076FAB006381B8 /* SBJsonStreamWriter.h */ = {isa = PBXFileReference; fileEncoding = 4; lastKnownFileType = sourcecode.c.h; path = SBJsonStreamWriter.h; sourceTree = "<group>"; };
		630655D813076FAB006381B8 /* SBJsonStreamWriter.m */ = {isa = PBXFileReference; fileEncoding = 4; lastKnownFileType = sourcecode.c.objc; path = SBJsonStreamWriter.m; sourceTree = "<group>"; };
		630655D913076FAB006381B8 /* SBJsonStreamWriterState.h */ = {isa = PBXFileReference; fileEncoding = 4; lastKnownFileType = sourcecode.c.h; path = SBJsonStreamWriterState.h; sourceTree = "<group>"; };
		630655DA13076FAB006381B8 /* SBJsonStreamWriterState.m */ = {isa = PBXFileReference; fileEncoding = 4; lastKnownFileType = sourcecode.c.objc; path = SBJsonStreamWriterState.m; sourceTree = "<group>"; };
		630655DB13076FAB006381B8 /* SBJsonTokeniser.h */ = {isa = PBXFileReference; fileEncoding = 4; lastKnownFileType = sourcecode.c.h; path = SBJsonTokeniser.h; sourceTree = "<group>"; };
		630655DC13076FAB006381B8 /* SBJsonTokeniser.m */ = {isa = PBXFileReference; fileEncoding = 4; lastKnownFileType = sourcecode.c.objc; path = SBJsonTokeniser.m; sourceTree = "<group>"; };
		630655DD13076FAB006381B8 /* SBJsonParser.h */ = {isa = PBXFileReference; fileEncoding = 4; lastKnownFileType = sourcecode.c.h; path = SBJsonParser.h; sourceTree = "<group>"; };
		630655DE13076FAB006381B8 /* SBJsonParser.m */ = {isa = PBXFileReference; fileEncoding = 4; lastKnownFileType = sourcecode.c.objc; path = SBJsonParser.m; sourceTree = "<group>"; };
		630655DF13076FAB006381B8 /* SBJsonStreamParser.h */ = {isa = PBXFileReference; fileEncoding = 4; lastKnownFileType = sourcecode.c.h; path = SBJsonStreamParser.h; sourceTree = "<group>"; };
		630655E013076FAB006381B8 /* SBJsonStreamParser.m */ = {isa = PBXFileReference; fileEncoding = 4; lastKnownFileType = sourcecode.c.objc; path = SBJsonStreamParser.m; sourceTree = "<group>"; };
		630655E113076FAB006381B8 /* SBJsonStreamParserState.h */ = {isa = PBXFileReference; fileEncoding = 4; lastKnownFileType = sourcecode.c.h; path = SBJsonStreamParserState.h; sourceTree = "<group>"; };
		630655E213076FAB006381B8 /* SBJsonStreamParserState.m */ = {isa = PBXFileReference; fileEncoding = 4; lastKnownFileType = sourcecode.c.objc; path = SBJsonStreamParserState.m; sourceTree = "<group>"; };
		630655E313076FAB006381B8 /* SBJsonStreamParserAdapter.h */ = {isa = PBXFileReference; fileEncoding = 4; lastKnownFileType = sourcecode.c.h; path = SBJsonStreamParserAdapter.h; sourceTree = "<group>"; };
		630655E413076FAB006381B8 /* SBJsonStreamParserAdapter.m */ = {isa = PBXFileReference; fileEncoding = 4; lastKnownFileType = sourcecode.c.objc; path = SBJsonStreamParserAdapter.m; sourceTree = "<group>"; };
		63065615130777EC006381B8 /* TSMultimediaData.h */ = {isa = PBXFileReference; fileEncoding = 4; lastKnownFileType = sourcecode.c.h; path = TSMultimediaData.h; sourceTree = "<group>"; };
		63065616130777EC006381B8 /* TSMultimediaData.m */ = {isa = PBXFileReference; fileEncoding = 4; lastKnownFileType = sourcecode.c.objc; path = TSMultimediaData.m; sourceTree = "<group>"; };
		6306561B130779F7006381B8 /* teleSIR_iOS-Config.plist */ = {isa = PBXFileReference; fileEncoding = 4; lastKnownFileType = text.plist.xml; path = "teleSIR_iOS-Config.plist"; sourceTree = "<group>"; };
		63400A901309C9B6005D5E08 /* splash.png */ = {isa = PBXFileReference; lastKnownFileType = image.png; name = splash.png; path = Images/splash.png; sourceTree = "<group>"; };
		8D1107310486CEB800E47090 /* teleSUR_iOS-Info.plist */ = {isa = PBXFileReference; fileEncoding = 4; lastKnownFileType = text.plist.xml; path = "teleSUR_iOS-Info.plist"; plistStructureDefinitionIdentifier = "com.apple.xcode.plist.structure-definition.iphone.info-plist"; sourceTree = "<group>"; };
/* End PBXFileReference section */

/* Begin PBXFrameworksBuildPhase section */
		1D60588F0D05DD3D006BFB54 /* Frameworks */ = {
			isa = PBXFrameworksBuildPhase;
			buildActionMask = 2147483647;
			files = (
				1D60589F0D05DD5A006BFB54 /* Foundation.framework in Frameworks */,
				1DF5F4E00D08C38300B7A737 /* UIKit.framework in Frameworks */,
				288765FD0DF74451002DB57D /* CoreGraphics.framework in Frameworks */,
				28EEBFDD1118E19E00187D67 /* CoreData.framework in Frameworks */,
				630655AB13076E65006381B8 /* SystemConfiguration.framework in Frameworks */,
				630655AF13076E72006381B8 /* Security.framework in Frameworks */,
				630655B313076E7D006381B8 /* MessageUI.framework in Frameworks */,
			);
			runOnlyForDeploymentPostprocessing = 0;
		};
/* End PBXFrameworksBuildPhase section */

/* Begin PBXGroup section */
		19C28FACFE9D520D11CA2CBB /* Products */ = {
			isa = PBXGroup;
			children = (
				1D6058910D05DD3D006BFB54 /* teleSUR-iOS.app */,
			);
			name = Products;
			sourceTree = "<group>";
		};
		2860E386111B897F00E27156 /* iPhone */ = {
			isa = PBXGroup;
			children = (
				2860E387111B897F00E27156 /* AppDelegate_iPhone.h */,
				2860E388111B897F00E27156 /* AppDelegate_iPhone.m */,
				2860E389111B897F00E27156 /* MainWindow_iPhone.xib */,
			);
			path = iPhone;
			sourceTree = "<group>";
		};
		28EEBF621118D79A00187D67 /* Shared */ = {
			isa = PBXGroup;
			children = (
				2819307C112F81BE00ECF9B4 /* teleSUR_iOS.xcdatamodeld */,
				28EEC0491118E28000187D67 /* AppDelegate_Shared.h */,
				28EEC04A1118E28000187D67 /* AppDelegate_Shared.m */,
				8D1107310486CEB800E47090 /* teleSUR_iOS-Info.plist */,
				6306561B130779F7006381B8 /* teleSIR_iOS-Config.plist */,
				63065615130777EC006381B8 /* TSMultimediaData.h */,
				63065616130777EC006381B8 /* TSMultimediaData.m */,
			);
			name = Shared;
			sourceTree = "<group>";
		};
		29B97314FDCFA39411CA2CEA /* CustomTemplate */ = {
			isa = PBXGroup;
			children = (
				2860E386111B897F00E27156 /* iPhone */,
				29B97317FDCFA39411CA2CEA /* iPad */,
				28EEBF621118D79A00187D67 /* Shared */,
				29B97315FDCFA39411CA2CEA /* Other Sources */,
				29B97323FDCFA39411CA2CEA /* Frameworks */,
				19C28FACFE9D520D11CA2CBB /* Products */,
				63400A8F1309C992005D5E08 /* Images */,
				630651AF13075AFD006381B8 /* Library */,
			);
			name = CustomTemplate;
			sourceTree = "<group>";
		};
		29B97315FDCFA39411CA2CEA /* Other Sources */ = {
			isa = PBXGroup;
			children = (
				32CA4F630368D1EE00C91783 /* teleSUR_iOS_Prefix.pch */,
				29B97316FDCFA39411CA2CEA /* main.m */,
			);
			name = "Other Sources";
			sourceTree = "<group>";
		};
		29B97317FDCFA39411CA2CEA /* iPad */ = {
			isa = PBXGroup;
			children = (
				1D3623240D0F684500981E51 /* AppDelegate_iPad.h */,
				1D3623250D0F684500981E51 /* AppDelegate_iPad.m */,
				28AD733E0D9D9553002E5188 /* MainWindow_iPad.xib */,
			);
			name = iPad;
			sourceTree = "<group>";
		};
		29B97323FDCFA39411CA2CEA /* Frameworks */ = {
			isa = PBXGroup;
			children = (
				1DF5F4DF0D08C38300B7A737 /* UIKit.framework */,
				1D30AB110D05D00D00671497 /* Foundation.framework */,
				288765FC0DF74451002DB57D /* CoreGraphics.framework */,
				28EEBFDC1118E19E00187D67 /* CoreData.framework */,
				630655AA13076E65006381B8 /* SystemConfiguration.framework */,
				630655AE13076E72006381B8 /* Security.framework */,
				630655B213076E7D006381B8 /* MessageUI.framework */,
			);
			name = Frameworks;
			sourceTree = "<group>";
		};
		630651AF13075AFD006381B8 /* Library */ = {
			isa = PBXGroup;
			children = (
				630655D113076FAB006381B8 /* JSON Framework */,
				630654B3130766A3006381B8 /* ShareKit */,
			);
			name = Library;
			sourceTree = "<group>";
		};
		630654B3130766A3006381B8 /* ShareKit */ = {
			isa = PBXGroup;
			children = (
				630654B4130766A3006381B8 /* SHKConfig.h */,
				630654B5130766A3006381B8 /* Customize UI */,
				630654C0130766A3006381B8 /* Core */,
				630654FA130766A3006381B8 /* Sharers */,
				6306553C130766A3006381B8 /* UI */,
				6306554D130766A3006381B8 /* Reachability */,
			);
			name = ShareKit;
			path = Library/ShareKit/Classes/ShareKit;
			sourceTree = "<group>";
		};
		630654B5130766A3006381B8 /* Customize UI */ = {
			isa = PBXGroup;
			children = (
				630654BB130766A3006381B8 /* Share Menu */,
				630654B6130766A3006381B8 /* Form */,
			);
			path = "Customize UI";
			sourceTree = "<group>";
		};
		630654B6130766A3006381B8 /* Form */ = {
			isa = PBXGroup;
			children = (
				630654B7130766A3006381B8 /* SHKCustomFormController.h */,
				630654B8130766A3006381B8 /* SHKCustomFormController.m */,
				630654B9130766A3006381B8 /* SHKCustomFormFieldCell.h */,
				630654BA130766A3006381B8 /* SHKCustomFormFieldCell.m */,
			);
			name = Form;
			sourceTree = "<group>";
		};
		630654BB130766A3006381B8 /* Share Menu */ = {
			isa = PBXGroup;
			children = (
				630654BC130766A3006381B8 /* SHKCustomShareMenu.h */,
				630654BD130766A3006381B8 /* SHKCustomShareMenu.m */,
				630654BE130766A3006381B8 /* SHKCustomShareMenuCell.h */,
				630654BF130766A3006381B8 /* SHKCustomShareMenuCell.m */,
			);
			name = "Share Menu";
			sourceTree = "<group>";
		};
		630654C0130766A3006381B8 /* Core */ = {
			isa = PBXGroup;
			children = (
				630654F9130766A3006381B8 /* Localization */,
				630654C1130766A3006381B8 /* SHKSharers.plist */,
				630654C2130766A3006381B8 /* SHK.h */,
				630654C3130766A3006381B8 /* SHK.m */,
				630654C4130766A3006381B8 /* SHKItem.h */,
				630654C5130766A3006381B8 /* SHKItem.m */,
				630654C6130766A3006381B8 /* SHKOfflineSharer.h */,
				630654C7130766A3006381B8 /* SHKOfflineSharer.m */,
				630654C8130766A3006381B8 /* Base Sharer Classes */,
				630654CD130766A3006381B8 /* Categories */,
				630654D0130766A3006381B8 /* Helpers */,
			);
			path = Core;
			sourceTree = "<group>";
		};
		630654C8130766A3006381B8 /* Base Sharer Classes */ = {
			isa = PBXGroup;
			children = (
				630654C9130766A3006381B8 /* SHKOAuthSharer.h */,
				630654CA130766A3006381B8 /* SHKOAuthSharer.m */,
				630654CB130766A3006381B8 /* SHKSharer.h */,
				630654CC130766A3006381B8 /* SHKSharer.m */,
			);
			path = "Base Sharer Classes";
			sourceTree = "<group>";
		};
		630654CD130766A3006381B8 /* Categories */ = {
			isa = PBXGroup;
			children = (
				630654CE130766A3006381B8 /* UIWebView+SHK.h */,
				630654CF130766A3006381B8 /* UIWebView+SHK.m */,
			);
			path = Categories;
			sourceTree = "<group>";
		};
		630654D0130766A3006381B8 /* Helpers */ = {
			isa = PBXGroup;
			children = (
				630654D1130766A3006381B8 /* Keychain */,
				630654D4130766A3006381B8 /* OAuth */,
				630654F7130766A3006381B8 /* SHKRequest.h */,
				630654F8130766A3006381B8 /* SHKRequest.m */,
			);
			path = Helpers;
			sourceTree = "<group>";
		};
		630654D1130766A3006381B8 /* Keychain */ = {
			isa = PBXGroup;
			children = (
				630654D2130766A3006381B8 /* SFHFKeychainUtils.h */,
				630654D3130766A3006381B8 /* SFHFKeychainUtils.m */,
			);
			path = Keychain;
			sourceTree = "<group>";
		};
		630654D4130766A3006381B8 /* OAuth */ = {
			isa = PBXGroup;
			children = (
				630654D5130766A3006381B8 /* Categories */,
				630654DC130766A3006381B8 /* Crytpo */,
				630654E3130766A3006381B8 /* OAAsynchronousDataFetcher.h */,
				630654E4130766A3006381B8 /* OAAsynchronousDataFetcher.m */,
				630654E5130766A3006381B8 /* OAConsumer.h */,
				630654E6130766A3006381B8 /* OAConsumer.m */,
				630654E7130766A3006381B8 /* OADataFetcher.h */,
				630654E8130766A3006381B8 /* OADataFetcher.m */,
				630654E9130766A3006381B8 /* OAHMAC_SHA1SignatureProvider.h */,
				630654EA130766A3006381B8 /* OAHMAC_SHA1SignatureProvider.m */,
				630654EB130766A3006381B8 /* OAMutableURLRequest.h */,
				630654EC130766A3006381B8 /* OAMutableURLRequest.m */,
				630654ED130766A3006381B8 /* OAPlaintextSignatureProvider.h */,
				630654EE130766A3006381B8 /* OAPlaintextSignatureProvider.m */,
				630654EF130766A3006381B8 /* OARequestParameter.h */,
				630654F0130766A3006381B8 /* OARequestParameter.m */,
				630654F1130766A3006381B8 /* OAServiceTicket.h */,
				630654F2130766A3006381B8 /* OAServiceTicket.m */,
				630654F3130766A3006381B8 /* OASignatureProviding.h */,
				630654F4130766A3006381B8 /* OAToken.h */,
				630654F5130766A3006381B8 /* OAToken.m */,
				630654F6130766A3006381B8 /* OAuthConsumer.h */,
			);
			path = OAuth;
			sourceTree = "<group>";
		};
		630654D5130766A3006381B8 /* Categories */ = {
			isa = PBXGroup;
			children = (
				630654D6130766A3006381B8 /* NSMutableURLRequest+Parameters.h */,
				630654D7130766A3006381B8 /* NSMutableURLRequest+Parameters.m */,
				630654D8130766A3006381B8 /* NSString+URLEncoding.h */,
				630654D9130766A3006381B8 /* NSString+URLEncoding.m */,
				630654DA130766A3006381B8 /* NSURL+Base.h */,
				630654DB130766A3006381B8 /* NSURL+Base.m */,
			);
			path = Categories;
			sourceTree = "<group>";
		};
		630654DC130766A3006381B8 /* Crytpo */ = {
			isa = PBXGroup;
			children = (
				630654DD130766A3006381B8 /* Base64Transcoder.c */,
				630654DE130766A3006381B8 /* Base64Transcoder.h */,
				630654DF130766A3006381B8 /* hmac.c */,
				630654E0130766A3006381B8 /* hmac.h */,
				630654E1130766A3006381B8 /* sha1.c */,
				630654E2130766A3006381B8 /* sha1.h */,
			);
			path = Crytpo;
			sourceTree = "<group>";
		};
		630654F9130766A3006381B8 /* Localization */ = {
			isa = PBXGroup;
			children = (
			);
			name = Localization;
			sourceTree = "<group>";
		};
		630654FA130766A3006381B8 /* Sharers */ = {
			isa = PBXGroup;
			children = (
				630654FB130766A3006381B8 /* Actions */,
				63065508130766A3006381B8 /* Services */,
			);
			path = Sharers;
			sourceTree = "<group>";
		};
		630654FB130766A3006381B8 /* Actions */ = {
			isa = PBXGroup;
			children = (
				630654FC130766A3006381B8 /* Copy */,
				630654FF130766A3006381B8 /* Email */,
				63065502130766A3006381B8 /* Open in Safari */,
				63065505130766A3006381B8 /* Save to Album */,
			);
			path = Actions;
			sourceTree = "<group>";
		};
		630654FC130766A3006381B8 /* Copy */ = {
			isa = PBXGroup;
			children = (
				630654FD130766A3006381B8 /* SHKCopy.h */,
				630654FE130766A3006381B8 /* SHKCopy.m */,
			);
			path = Copy;
			sourceTree = "<group>";
		};
		630654FF130766A3006381B8 /* Email */ = {
			isa = PBXGroup;
			children = (
				63065500130766A3006381B8 /* SHKMail.h */,
				63065501130766A3006381B8 /* SHKMail.m */,
			);
			path = Email;
			sourceTree = "<group>";
		};
		63065502130766A3006381B8 /* Open in Safari */ = {
			isa = PBXGroup;
			children = (
				63065503130766A3006381B8 /* SHKSafari.h */,
				63065504130766A3006381B8 /* SHKSafari.m */,
			);
			path = "Open in Safari";
			sourceTree = "<group>";
		};
		63065505130766A3006381B8 /* Save to Album */ = {
			isa = PBXGroup;
			children = (
				63065506130766A3006381B8 /* SHKPhotoAlbum.h */,
				63065507130766A3006381B8 /* SHKPhotoAlbum.m */,
			);
			path = "Save to Album";
			sourceTree = "<group>";
		};
		63065508130766A3006381B8 /* Services */ = {
			isa = PBXGroup;
			children = (
				63065509130766A3006381B8 /* Delicious */,
				6306550C130766A3006381B8 /* Facebook */,
				63065528130766A3006381B8 /* Google Reader */,
				6306552B130766A3006381B8 /* Instapaper */,
				6306552E130766A3006381B8 /* Pinboard */,
				63065531130766A3006381B8 /* Read It Later */,
				63065534130766A3006381B8 /* Tumblr */,
				63065537130766A3006381B8 /* Twitter */,
			);
			path = Services;
			sourceTree = "<group>";
		};
		63065509130766A3006381B8 /* Delicious */ = {
			isa = PBXGroup;
			children = (
				6306550A130766A3006381B8 /* SHKDelicious.h */,
				6306550B130766A3006381B8 /* SHKDelicious.m */,
			);
			path = Delicious;
			sourceTree = "<group>";
		};
		6306550C130766A3006381B8 /* Facebook */ = {
			isa = PBXGroup;
			children = (
				6306550D130766A3006381B8 /* FBConnect */,
				63065524130766A3006381B8 /* SHKFacebook.h */,
				63065525130766A3006381B8 /* SHKFacebook.m */,
				63065526130766A3006381B8 /* SHKFBStreamDialog.h */,
				63065527130766A3006381B8 /* SHKFBStreamDialog.m */,
			);
			path = Facebook;
			sourceTree = "<group>";
		};
		6306550D130766A3006381B8 /* FBConnect */ = {
			isa = PBXGroup;
			children = (
				6306550E130766A3006381B8 /* FBConnect.bundle */,
				6306550F130766A3006381B8 /* FBConnect.h */,
				63065510130766A3006381B8 /* FBConnectGlobal.h */,
				63065511130766A3006381B8 /* FBConnectGlobal.m */,
				63065512130766A3006381B8 /* FBDialog.h */,
				63065513130766A3006381B8 /* FBDialog.m */,
				63065514130766A3006381B8 /* FBFeedDialog.h */,
				63065515130766A3006381B8 /* FBFeedDialog.m */,
				63065516130766A3006381B8 /* FBLoginButton.h */,
				63065517130766A3006381B8 /* FBLoginButton.m */,
				63065518130766A3006381B8 /* FBLoginDialog.h */,
				63065519130766A3006381B8 /* FBLoginDialog.m */,
				6306551A130766A3006381B8 /* FBPermissionDialog.h */,
				6306551B130766A3006381B8 /* FBPermissionDialog.m */,
				6306551C130766A3006381B8 /* FBRequest.h */,
				6306551D130766A3006381B8 /* FBRequest.m */,
				6306551E130766A3006381B8 /* FBSession.h */,
				6306551F130766A3006381B8 /* FBSession.m */,
				63065520130766A3006381B8 /* FBStreamDialog.h */,
				63065521130766A3006381B8 /* FBStreamDialog.m */,
				63065522130766A3006381B8 /* FBXMLHandler.h */,
				63065523130766A3006381B8 /* FBXMLHandler.m */,
			);
			path = FBConnect;
			sourceTree = "<group>";
		};
		63065528130766A3006381B8 /* Google Reader */ = {
			isa = PBXGroup;
			children = (
				63065529130766A3006381B8 /* SHKGoogleReader.h */,
				6306552A130766A3006381B8 /* SHKGoogleReader.m */,
			);
			path = "Google Reader";
			sourceTree = "<group>";
		};
		6306552B130766A3006381B8 /* Instapaper */ = {
			isa = PBXGroup;
			children = (
				6306552C130766A3006381B8 /* SHKInstapaper.h */,
				6306552D130766A3006381B8 /* SHKInstapaper.m */,
			);
			path = Instapaper;
			sourceTree = "<group>";
		};
		6306552E130766A3006381B8 /* Pinboard */ = {
			isa = PBXGroup;
			children = (
				6306552F130766A3006381B8 /* SHKPinboard.h */,
				63065530130766A3006381B8 /* SHKPinboard.m */,
			);
			path = Pinboard;
			sourceTree = "<group>";
		};
		63065531130766A3006381B8 /* Read It Later */ = {
			isa = PBXGroup;
			children = (
				63065532130766A3006381B8 /* SHKReadItLater.h */,
				63065533130766A3006381B8 /* SHKReadItLater.m */,
			);
			path = "Read It Later";
			sourceTree = "<group>";
		};
		63065534130766A3006381B8 /* Tumblr */ = {
			isa = PBXGroup;
			children = (
				63065535130766A3006381B8 /* SHKTumblr.h */,
				63065536130766A3006381B8 /* SHKTumblr.m */,
			);
			path = Tumblr;
			sourceTree = "<group>";
		};
		63065537130766A3006381B8 /* Twitter */ = {
			isa = PBXGroup;
			children = (
				63065538130766A3006381B8 /* SHKTwitter.h */,
				63065539130766A3006381B8 /* SHKTwitter.m */,
				6306553A130766A3006381B8 /* SHKTwitterForm.h */,
				6306553B130766A3006381B8 /* SHKTwitterForm.m */,
			);
			path = Twitter;
			sourceTree = "<group>";
		};
		6306553C130766A3006381B8 /* UI */ = {
			isa = PBXGroup;
			children = (
				6306553D130766A3006381B8 /* SHKActionSheet.h */,
				6306553E130766A3006381B8 /* SHKActionSheet.m */,
				6306553F130766A3006381B8 /* SHKActivityIndicator.h */,
				63065540130766A3006381B8 /* SHKActivityIndicator.m */,
				63065541130766A3006381B8 /* SHKFormController.h */,
				63065542130766A3006381B8 /* SHKFormController.m */,
				63065543130766A3006381B8 /* SHKFormFieldCell.h */,
				63065544130766A3006381B8 /* SHKFormFieldCell.m */,
				63065545130766A3006381B8 /* SHKFormFieldSettings.h */,
				63065546130766A3006381B8 /* SHKFormFieldSettings.m */,
				63065547130766A3006381B8 /* SHKShareMenu.h */,
				63065548130766A3006381B8 /* SHKShareMenu.m */,
				63065549130766A3006381B8 /* SHKOAuthView.h */,
				6306554A130766A3006381B8 /* SHKOAuthView.m */,
				6306554B130766A3006381B8 /* SHKViewControllerWrapper.h */,
				6306554C130766A3006381B8 /* SHKViewControllerWrapper.m */,
			);
			path = UI;
			sourceTree = "<group>";
		};
		6306554D130766A3006381B8 /* Reachability */ = {
			isa = PBXGroup;
			children = (
				6306554E130766A3006381B8 /* Reachability.h */,
				6306554F130766A3006381B8 /* Reachability.m */,
			);
			path = Reachability;
			sourceTree = "<group>";
		};
		630655D113076FAB006381B8 /* JSON Framework */ = {
			isa = PBXGroup;
			children = (
				630655D213076FAB006381B8 /* JSON.h */,
				630655D313076FAB006381B8 /* NSObject+JSON.h */,
				630655D413076FAB006381B8 /* NSObject+JSON.m */,
				630655D513076FAB006381B8 /* SBJsonWriter.h */,
				630655D613076FAB006381B8 /* SBJsonWriter.m */,
				630655D713076FAB006381B8 /* SBJsonStreamWriter.h */,
				630655D813076FAB006381B8 /* SBJsonStreamWriter.m */,
				630655D913076FAB006381B8 /* SBJsonStreamWriterState.h */,
				630655DA13076FAB006381B8 /* SBJsonStreamWriterState.m */,
				630655DB13076FAB006381B8 /* SBJsonTokeniser.h */,
				630655DC13076FAB006381B8 /* SBJsonTokeniser.m */,
				630655DD13076FAB006381B8 /* SBJsonParser.h */,
				630655DE13076FAB006381B8 /* SBJsonParser.m */,
				630655DF13076FAB006381B8 /* SBJsonStreamParser.h */,
				630655E013076FAB006381B8 /* SBJsonStreamParser.m */,
				630655E113076FAB006381B8 /* SBJsonStreamParserState.h */,
				630655E213076FAB006381B8 /* SBJsonStreamParserState.m */,
				630655E313076FAB006381B8 /* SBJsonStreamParserAdapter.h */,
				630655E413076FAB006381B8 /* SBJsonStreamParserAdapter.m */,
			);
			name = "JSON Framework";
			path = "Library/JSON-Framework/Classes";
			sourceTree = "<group>";
		};
		63400A8F1309C992005D5E08 /* Images */ = {
			isa = PBXGroup;
			children = (
				63400A901309C9B6005D5E08 /* splash.png */,
			);
			name = Images;
			sourceTree = "<group>";
		};
/* End PBXGroup section */

/* Begin PBXNativeTarget section */
		1D6058900D05DD3D006BFB54 /* teleSUR-iOS */ = {
			isa = PBXNativeTarget;
			buildConfigurationList = 1D6058960D05DD3E006BFB54 /* Build configuration list for PBXNativeTarget "teleSUR-iOS" */;
			buildPhases = (
				1D60588D0D05DD3D006BFB54 /* Resources */,
				1D60588E0D05DD3D006BFB54 /* Sources */,
				1D60588F0D05DD3D006BFB54 /* Frameworks */,
			);
			buildRules = (
			);
			dependencies = (
			);
			name = "teleSUR-iOS";
			productName = "teleSUR-iOS";
			productReference = 1D6058910D05DD3D006BFB54 /* teleSUR-iOS.app */;
			productType = "com.apple.product-type.application";
		};
/* End PBXNativeTarget section */

/* Begin PBXProject section */
		29B97313FDCFA39411CA2CEA /* Project object */ = {
			isa = PBXProject;
			attributes = {
				ORGANIZATIONNAME = teleSUR;
			};
			buildConfigurationList = C01FCF4E08A954540054247B /* Build configuration list for PBXProject "teleSUR-iOS" */;
			compatibilityVersion = "Xcode 3.1";
			developmentRegion = English;
			hasScannedForEncodings = 1;
			knownRegions = (
				English,
				Japanese,
				French,
				German,
			);
			mainGroup = 29B97314FDCFA39411CA2CEA /* CustomTemplate */;
			projectDirPath = "";
			projectRoot = "";
			targets = (
				1D6058900D05DD3D006BFB54 /* teleSUR-iOS */,
			);
		};
/* End PBXProject section */

/* Begin PBXResourcesBuildPhase section */
		1D60588D0D05DD3D006BFB54 /* Resources */ = {
			isa = PBXResourcesBuildPhase;
			buildActionMask = 2147483647;
			files = (
				28AD733F0D9D9553002E5188 /* MainWindow_iPad.xib in Resources */,
				2860E38B111B897F00E27156 /* MainWindow_iPhone.xib in Resources */,
				63065554130766A3006381B8 /* SHKSharers.plist in Resources */,
				63065571130766A3006381B8 /* FBConnect.bundle in Resources */,
				6306561C130779F7006381B8 /* teleSIR_iOS-Config.plist in Resources */,
				63400A911309C9B6005D5E08 /* splash.png in Resources */,
			);
			runOnlyForDeploymentPostprocessing = 0;
		};
/* End PBXResourcesBuildPhase section */

/* Begin PBXSourcesBuildPhase section */
		1D60588E0D05DD3D006BFB54 /* Sources */ = {
			isa = PBXSourcesBuildPhase;
			buildActionMask = 2147483647;
			files = (
				1D60589B0D05DD56006BFB54 /* main.m in Sources */,
				1D3623260D0F684500981E51 /* AppDelegate_iPad.m in Sources */,
				28EEC04B1118E28000187D67 /* AppDelegate_Shared.m in Sources */,
				2819307D112F81BE00ECF9B4 /* teleSUR_iOS.xcdatamodeld in Sources */,
				2860E38A111B897F00E27156 /* AppDelegate_iPhone.m in Sources */,
				63065550130766A3006381B8 /* SHKCustomFormController.m in Sources */,
				63065551130766A3006381B8 /* SHKCustomFormFieldCell.m in Sources */,
				63065552130766A3006381B8 /* SHKCustomShareMenu.m in Sources */,
				63065553130766A3006381B8 /* SHKCustomShareMenuCell.m in Sources */,
				63065555130766A3006381B8 /* SHK.m in Sources */,
				63065556130766A3006381B8 /* SHKItem.m in Sources */,
				63065557130766A3006381B8 /* SHKOfflineSharer.m in Sources */,
				63065558130766A3006381B8 /* SHKOAuthSharer.m in Sources */,
				63065559130766A3006381B8 /* SHKSharer.m in Sources */,
				6306555A130766A3006381B8 /* UIWebView+SHK.m in Sources */,
				6306555B130766A3006381B8 /* SFHFKeychainUtils.m in Sources */,
				6306555C130766A3006381B8 /* NSMutableURLRequest+Parameters.m in Sources */,
				6306555D130766A3006381B8 /* NSString+URLEncoding.m in Sources */,
				6306555E130766A3006381B8 /* NSURL+Base.m in Sources */,
				6306555F130766A3006381B8 /* Base64Transcoder.c in Sources */,
				63065560130766A3006381B8 /* hmac.c in Sources */,
				63065561130766A3006381B8 /* sha1.c in Sources */,
				63065562130766A3006381B8 /* OAAsynchronousDataFetcher.m in Sources */,
				63065563130766A3006381B8 /* OAConsumer.m in Sources */,
				63065564130766A3006381B8 /* OADataFetcher.m in Sources */,
				63065565130766A3006381B8 /* OAHMAC_SHA1SignatureProvider.m in Sources */,
				63065566130766A3006381B8 /* OAMutableURLRequest.m in Sources */,
				63065567130766A3006381B8 /* OAPlaintextSignatureProvider.m in Sources */,
				63065568130766A3006381B8 /* OARequestParameter.m in Sources */,
				63065569130766A3006381B8 /* OAServiceTicket.m in Sources */,
				6306556A130766A3006381B8 /* OAToken.m in Sources */,
				6306556B130766A3006381B8 /* SHKRequest.m in Sources */,
				6306556C130766A3006381B8 /* SHKCopy.m in Sources */,
				6306556D130766A3006381B8 /* SHKMail.m in Sources */,
				6306556E130766A3006381B8 /* SHKSafari.m in Sources */,
				6306556F130766A3006381B8 /* SHKPhotoAlbum.m in Sources */,
				63065570130766A3006381B8 /* SHKDelicious.m in Sources */,
				63065572130766A3006381B8 /* FBConnectGlobal.m in Sources */,
				63065573130766A3006381B8 /* FBDialog.m in Sources */,
				63065574130766A3006381B8 /* FBFeedDialog.m in Sources */,
				63065575130766A3006381B8 /* FBLoginButton.m in Sources */,
				63065576130766A3006381B8 /* FBLoginDialog.m in Sources */,
				63065577130766A3006381B8 /* FBPermissionDialog.m in Sources */,
				63065578130766A3006381B8 /* FBRequest.m in Sources */,
				63065579130766A3006381B8 /* FBSession.m in Sources */,
				6306557A130766A3006381B8 /* FBStreamDialog.m in Sources */,
				6306557B130766A3006381B8 /* FBXMLHandler.m in Sources */,
				6306557C130766A3006381B8 /* SHKFacebook.m in Sources */,
				6306557D130766A3006381B8 /* SHKFBStreamDialog.m in Sources */,
				6306557E130766A3006381B8 /* SHKGoogleReader.m in Sources */,
				6306557F130766A3006381B8 /* SHKInstapaper.m in Sources */,
				63065580130766A3006381B8 /* SHKPinboard.m in Sources */,
				63065581130766A3006381B8 /* SHKReadItLater.m in Sources */,
				63065582130766A3006381B8 /* SHKTumblr.m in Sources */,
				63065583130766A3006381B8 /* SHKTwitter.m in Sources */,
				63065584130766A3006381B8 /* SHKTwitterForm.m in Sources */,
				63065585130766A3006381B8 /* SHKActionSheet.m in Sources */,
				63065586130766A3006381B8 /* SHKActivityIndicator.m in Sources */,
				63065587130766A3006381B8 /* SHKFormController.m in Sources */,
				63065588130766A3006381B8 /* SHKFormFieldCell.m in Sources */,
				63065589130766A3006381B8 /* SHKFormFieldSettings.m in Sources */,
				6306558A130766A3006381B8 /* SHKShareMenu.m in Sources */,
				6306558B130766A3006381B8 /* SHKOAuthView.m in Sources */,
				6306558C130766A3006381B8 /* SHKViewControllerWrapper.m in Sources */,
				6306558D130766A3006381B8 /* Reachability.m in Sources */,
				630655E513076FAB006381B8 /* NSObject+JSON.m in Sources */,
				630655E613076FAB006381B8 /* SBJsonWriter.m in Sources */,
				630655E713076FAB006381B8 /* SBJsonStreamWriter.m in Sources */,
				630655E813076FAB006381B8 /* SBJsonStreamWriterState.m in Sources */,
				630655E913076FAB006381B8 /* SBJsonTokeniser.m in Sources */,
				630655EA13076FAB006381B8 /* SBJsonParser.m in Sources */,
				630655EB13076FAB006381B8 /* SBJsonStreamParser.m in Sources */,
				630655EC13076FAB006381B8 /* SBJsonStreamParserState.m in Sources */,
				630655ED13076FAB006381B8 /* SBJsonStreamParserAdapter.m in Sources */,
				63065617130777EC006381B8 /* TSMultimediaData.m in Sources */,
			);
			runOnlyForDeploymentPostprocessing = 0;
		};
/* End PBXSourcesBuildPhase section */

/* Begin XCBuildConfiguration section */
		1D6058940D05DD3E006BFB54 /* Debug */ = {
			isa = XCBuildConfiguration;
			buildSettings = {
				ALWAYS_SEARCH_USER_PATHS = NO;
				COPY_PHASE_STRIP = NO;
				GCC_DYNAMIC_NO_PIC = NO;
				GCC_OPTIMIZATION_LEVEL = 0;
				GCC_PRECOMPILE_PREFIX_HEADER = YES;
				GCC_PREFIX_HEADER = teleSUR_iOS_Prefix.pch;
				INFOPLIST_FILE = "teleSUR_iOS-Info.plist";
				PRODUCT_NAME = "teleSUR-iOS";
			};
			name = Debug;
		};
		1D6058950D05DD3E006BFB54 /* Release */ = {
			isa = XCBuildConfiguration;
			buildSettings = {
				ALWAYS_SEARCH_USER_PATHS = NO;
				COPY_PHASE_STRIP = YES;
				GCC_PRECOMPILE_PREFIX_HEADER = YES;
				GCC_PREFIX_HEADER = teleSUR_iOS_Prefix.pch;
				INFOPLIST_FILE = "teleSUR_iOS-Info.plist";
				PRODUCT_NAME = "teleSUR-iOS";
				VALIDATE_PRODUCT = YES;
			};
			name = Release;
		};
		C01FCF4F08A954540054247B /* Debug */ = {
			isa = XCBuildConfiguration;
			buildSettings = {
				ARCHS = "$(ARCHS_STANDARD_32_BIT)";
				"CODE_SIGN_IDENTITY[sdk=iphoneos*]" = "iPhone Developer";
				GCC_C_LANGUAGE_STANDARD = c99;
				GCC_WARN_ABOUT_RETURN_TYPE = YES;
				GCC_WARN_UNUSED_VARIABLE = YES;
				PREBINDING = NO;
				SDKROOT = iphoneos;
				TARGETED_DEVICE_FAMILY = "1,2";
			};
			name = Debug;
		};
		C01FCF5008A954540054247B /* Release */ = {
			isa = XCBuildConfiguration;
			buildSettings = {
				ARCHS = "$(ARCHS_STANDARD_32_BIT)";
				"CODE_SIGN_IDENTITY[sdk=iphoneos*]" = "iPhone Developer";
				GCC_C_LANGUAGE_STANDARD = c99;
				GCC_WARN_ABOUT_RETURN_TYPE = YES;
				GCC_WARN_UNUSED_VARIABLE = YES;
				OTHER_CFLAGS = "-DNS_BLOCK_ASSERTIONS=1";
				PREBINDING = NO;
				SDKROOT = iphoneos;
				TARGETED_DEVICE_FAMILY = "1,2";
			};
			name = Release;
		};
/* End XCBuildConfiguration section */

/* Begin XCConfigurationList section */
		1D6058960D05DD3E006BFB54 /* Build configuration list for PBXNativeTarget "teleSUR-iOS" */ = {
			isa = XCConfigurationList;
			buildConfigurations = (
				1D6058940D05DD3E006BFB54 /* Debug */,
				1D6058950D05DD3E006BFB54 /* Release */,
			);
			defaultConfigurationIsVisible = 0;
			defaultConfigurationName = Release;
		};
		C01FCF4E08A954540054247B /* Build configuration list for PBXProject "teleSUR-iOS" */ = {
			isa = XCConfigurationList;
			buildConfigurations = (
				C01FCF4F08A954540054247B /* Debug */,
				C01FCF5008A954540054247B /* Release */,
			);
			defaultConfigurationIsVisible = 0;
			defaultConfigurationName = Release;
		};
/* End XCConfigurationList section */

/* Begin XCVersionGroup section */
		2819307C112F81BE00ECF9B4 /* teleSUR_iOS.xcdatamodeld */ = {
			isa = XCVersionGroup;
			children = (
				2870939E111907710040F596 /* teleSUR_iOS.xcdatamodel */,
			);
			currentVersion = 2870939E111907710040F596 /* teleSUR_iOS.xcdatamodel */;
			name = teleSUR_iOS.xcdatamodeld;
			path = Shared/teleSUR_iOS.xcdatamodeld;
			sourceTree = "<group>";
			versionGroupType = wrapper.xcdatamodel;
		};
/* End XCVersionGroup section */
	};
	rootObject = 29B97313FDCFA39411CA2CEA /* Project object */;
}
